
Microsoft Visual Studio Solution File, Format Version 12.00
# Visual Studio Version 17
VisualStudioVersion = 17.9.34321.82
MinimumVisualStudioVersion = 10.0.40219.1
Project("{9A19103F-16F7-4668-BE54-9A1E7A4F7556}") = "NukeBuildHelpers", "NukeBuildHelpers\NukeBuildHelpers.csproj", "{2A656713-7DD9-4917-8905-D2F0FBEAB81E}"
EndProject
Project("{9A19103F-16F7-4668-BE54-9A1E7A4F7556}") = "_build", "build\_build.csproj", "{96B7B107-5842-465B-BBF0-9B1354F51B69}"
EndProject
Project("{9A19103F-16F7-4668-BE54-9A1E7A4F7556}") = "NukeBuildHelpers.UnitTest", "NukeBuildHelpers.UnitTest\NukeBuildHelpers.UnitTest.csproj", "{26692557-F5A7-4C13-8E78-53A8FCEE30BF}"
EndProject
Project("{2150E333-8FDC-42A3-9474-1A3956D46DE8}") = "Solution Files", "Solution Files", "{06DA744E-882D-406F-8EAB-F687B2D21841}"
	ProjectSection(SolutionItems) = preProject
		LICENSE = LICENSE
		README.md = README.md
		tasksync.md = tasksync.md
	EndProjectSection
EndProject
Project("{2150E333-8FDC-42A3-9474-1A3956D46DE8}") = "docs", "docs", "{7D239E58-4C0A-4478-85DC-6CC3E2CA621A}"
	ProjectSection(SolutionItems) = preProject
		docs\BuildEntry.md = docs\BuildEntry.md
		docs\PublishEntry.md = docs\PublishEntry.md
		docs\TestEntry.md = docs\TestEntry.md
		V9_BREAKING_CHANGES.md = V9_BREAKING_CHANGES.md
		docs\WorkflowConfigEntry.md = docs\WorkflowConfigEntry.md
	EndProjectSection
EndProject
Global
	GlobalSection(SolutionConfigurationPlatforms) = preSolution
		Debug|Any CPU = Debug|Any CPU
		Release|Any CPU = Release|Any CPU
	EndGlobalSection
	GlobalSection(ProjectConfigurationPlatforms) = postSolution
		{2A656713-7DD9-4917-8905-D2F0FBEAB81E}.Debug|Any CPU.ActiveCfg = Debug|Any CPU
		{2A656713-7DD9-4917-8905-D2F0FBEAB81E}.Debug|Any CPU.Build.0 = Debug|Any CPU
		{2A656713-7DD9-4917-8905-D2F0FBEAB81E}.Release|Any CPU.ActiveCfg = Release|Any CPU
		{2A656713-7DD9-4917-8905-D2F0FBEAB81E}.Release|Any CPU.Build.0 = Release|Any CPU
		{96B7B107-5842-465B-BBF0-9B1354F51B69}.Debug|Any CPU.ActiveCfg = Debug|Any CPU
		{96B7B107-5842-465B-BBF0-9B1354F51B69}.Release|Any CPU.ActiveCfg = Release|Any CPU
		{26692557-F5A7-4C13-8E78-53A8FCEE30BF}.Debug|Any CPU.ActiveCfg = Debug|Any CPU
		{26692557-F5A7-4C13-8E78-53A8FCEE30BF}.Debug|Any CPU.Build.0 = Debug|Any CPU
		{26692557-F5A7-4C13-8E78-53A8FCEE30BF}.Release|Any CPU.ActiveCfg = Release|Any CPU
		{26692557-F5A7-4C13-8E78-53A8FCEE30BF}.Release|Any CPU.Build.0 = Release|Any CPU
	EndGlobalSection
	GlobalSection(SolutionProperties) = preSolution
		HideSolutionNode = FALSE
	EndGlobalSection
	GlobalSection(NestedProjects) = preSolution
		{7D239E58-4C0A-4478-85DC-6CC3E2CA621A} = {06DA744E-882D-406F-8EAB-F687B2D21841}
	EndGlobalSection
	GlobalSection(ExtensibilityGlobals) = postSolution
		SolutionGuid = {964AA413-5EBC-439E-9711-0FA1A7B55F35}
	EndGlobalSection
EndGlobal
